
Microsoft Visual Studio Solution File, Format Version 12.00
# Visual Studio Version 16
VisualStudioVersion = 16.0.29728.190
MinimumVisualStudioVersion = 10.0.40219.1
Project("{8BC9CEB8-8B4A-11D0-8D11-00A0C91BC942}") = "RPQ", "ConsoleApplication1\ConsoleApplication1.vcxproj", "{4FF2B48F-D8A5-44E9-B111-E4ABB5AEDA2F}"
EndProject
Project("{8BC9CEB8-8B4A-11D0-8D11-00A0C91BC942}") = "WiTi", "WiTi\WiTi.vcxproj", "{BCF6FF6D-1C81-494E-BFE7-826625A1A365}"
EndProject
Project("{8BC9CEB8-8B4A-11D0-8D11-00A0C91BC942}") = "NEH", "NEH\NEH.vcxproj", "{6993C263-4F59-429A-AA3D-828632751003}"
EndProject
Project("{8BC9CEB8-8B4A-11D0-8D11-00A0C91BC942}") = "Shrage", "Shrage\Shrage.vcxproj", "{A0BF9B3E-8D17-4D32-92D8-CF5A1563164D}"
EndProject
Project("{8BC9CEB8-8B4A-11D0-8D11-00A0C91BC942}") = "Calier", "Calier\Calier.vcxproj", "{16DB62F6-A9DC-45AB-8C6D-98BFB9B089D4}"
EndProject
Global
	GlobalSection(SolutionConfigurationPlatforms) = preSolution
		Debug|x64 = Debug|x64
		Debug|x86 = Debug|x86
		Release|x64 = Release|x64
		Release|x86 = Release|x86
	EndGlobalSection
	GlobalSection(ProjectConfigurationPlatforms) = postSolution
		{4FF2B48F-D8A5-44E9-B111-E4ABB5AEDA2F}.Debug|x64.ActiveCfg = Debug|x64
		{4FF2B48F-D8A5-44E9-B111-E4ABB5AEDA2F}.Debug|x64.Build.0 = Debug|x64
		{4FF2B48F-D8A5-44E9-B111-E4ABB5AEDA2F}.Debug|x86.ActiveCfg = Debug|Win32
		{4FF2B48F-D8A5-44E9-B111-E4ABB5AEDA2F}.Debug|x86.Build.0 = Debug|Win32
		{4FF2B48F-D8A5-44E9-B111-E4ABB5AEDA2F}.Release|x64.ActiveCfg = Release|x64
		{4FF2B48F-D8A5-44E9-B111-E4ABB5AEDA2F}.Release|x64.Build.0 = Release|x64
		{4FF2B48F-D8A5-44E9-B111-E4ABB5AEDA2F}.Release|x86.ActiveCfg = Release|Win32
		{4FF2B48F-D8A5-44E9-B111-E4ABB5AEDA2F}.Release|x86.Build.0 = Release|Win32
		{BCF6FF6D-1C81-494E-BFE7-826625A1A365}.Debug|x64.ActiveCfg = Debug|x64
		{BCF6FF6D-1C81-494E-BFE7-826625A1A365}.Debug|x64.Build.0 = Debug|x64
		{BCF6FF6D-1C81-494E-BFE7-826625A1A365}.Debug|x86.ActiveCfg = Debug|Win32
		{BCF6FF6D-1C81-494E-BFE7-826625A1A365}.Debug|x86.Build.0 = Debug|Win32
		{BCF6FF6D-1C81-494E-BFE7-826625A1A365}.Release|x64.ActiveCfg = Release|x64
		{BCF6FF6D-1C81-494E-BFE7-826625A1A365}.Release|x64.Build.0 = Release|x64
		{BCF6FF6D-1C81-494E-BFE7-826625A1A365}.Release|x86.ActiveCfg = Release|Win32
		{BCF6FF6D-1C81-494E-BFE7-826625A1A365}.Release|x86.Build.0 = Release|Win32
		{6993C263-4F59-429A-AA3D-828632751003}.Debug|x64.ActiveCfg = Debug|x64
		{6993C263-4F59-429A-AA3D-828632751003}.Debug|x64.Build.0 = Debug|x64
		{6993C263-4F59-429A-AA3D-828632751003}.Debug|x86.ActiveCfg = Debug|Win32
		{6993C263-4F59-429A-AA3D-828632751003}.Debug|x86.Build.0 = Debug|Win32
		{6993C263-4F59-429A-AA3D-828632751003}.Release|x64.ActiveCfg = Release|x64
		{6993C263-4F59-429A-AA3D-828632751003}.Release|x64.Build.0 = Release|x64
		{6993C263-4F59-429A-AA3D-828632751003}.Release|x86.ActiveCfg = Release|Win32
		{6993C263-4F59-429A-AA3D-828632751003}.Release|x86.Build.0 = Release|Win32
		{A0BF9B3E-8D17-4D32-92D8-CF5A1563164D}.Debug|x64.ActiveCfg = Debug|x64
		{A0BF9B3E-8D17-4D32-92D8-CF5A1563164D}.Debug|x64.Build.0 = Debug|x64
		{A0BF9B3E-8D17-4D32-92D8-CF5A1563164D}.Debug|x86.ActiveCfg = Debug|Win32
		{A0BF9B3E-8D17-4D32-92D8-CF5A1563164D}.Debug|x86.Build.0 = Debug|Win32
		{A0BF9B3E-8D17-4D32-92D8-CF5A1563164D}.Release|x64.ActiveCfg = Release|x64
		{A0BF9B3E-8D17-4D32-92D8-CF5A1563164D}.Release|x64.Build.0 = Release|x64
		{A0BF9B3E-8D17-4D32-92D8-CF5A1563164D}.Release|x86.ActiveCfg = Release|Win32
		{A0BF9B3E-8D17-4D32-92D8-CF5A1563164D}.Release|x86.Build.0 = Release|Win32
		{16DB62F6-A9DC-45AB-8C6D-98BFB9B089D4}.Debug|x64.ActiveCfg = Debug|x64
		{16DB62F6-A9DC-45AB-8C6D-98BFB9B089D4}.Debug|x64.Build.0 = Debug|x64
		{16DB62F6-A9DC-45AB-8C6D-98BFB9B089D4}.Debug|x86.ActiveCfg = Debug|Win32
		{16DB62F6-A9DC-45AB-8C6D-98BFB9B089D4}.Debug|x86.Build.0 = Debug|Win32
		{16DB62F6-A9DC-45AB-8C6D-98BFB9B089D4}.Release|x64.ActiveCfg = Release|x64
		{16DB62F6-A9DC-45AB-8C6D-98BFB9B089D4}.Release|x64.Build.0 = Release|x64
		{16DB62F6-A9DC-45AB-8C6D-98BFB9B089D4}.Release|x86.ActiveCfg = Release|Win32
		{16DB62F6-A9DC-45AB-8C6D-98BFB9B089D4}.Release|x86.Build.0 = Release|Win32
	EndGlobalSection
	GlobalSection(SolutionProperties) = preSolution
		HideSolutionNode = FALSE
	EndGlobalSection
	GlobalSection(ExtensibilityGlobals) = postSolution
		SolutionGuid = {76CA9FEE-D8E2-4751-855E-FDDE706144F7}
	EndGlobalSection
EndGlobal
